
Microsoft Visual Studio Solution File, Format Version 12.00
# Visual Studio Version 16
VisualStudioVersion = 16.0.31624.102
MinimumVisualStudioVersion = 10.0.40219.1
Project("{FAE04EC0-301F-11D3-BF4B-00C04F79EFBC}") = "GraphQLGateway", "GraphQLGateWay\GraphQLGateway.csproj", "{61D16F00-9689-45CA-827A-C910E847FF60}"
EndProject
Global
	GlobalSection(SolutionConfigurationPlatforms) = preSolution
		Debug|Any CPU = Debug|Any CPU
		Release|Any CPU = Release|Any CPU
	EndGlobalSection
	GlobalSection(ProjectConfigurationPlatforms) = postSolution
		{61D16F00-9689-45CA-827A-C910E847FF60}.Debug|Any CPU.ActiveCfg = Debug|Any CPU
		{61D16F00-9689-45CA-827A-C910E847FF60}.Debug|Any CPU.Build.0 = Debug|Any CPU
		{61D16F00-9689-45CA-827A-C910E847FF60}.Release|Any CPU.ActiveCfg = Release|Any CPU
		{61D16F00-9689-45CA-827A-C910E847FF60}.Release|Any CPU.Build.0 = Release|Any CPU
	EndGlobalSection
	GlobalSection(SolutionProperties) = preSolution
		HideSolutionNode = FALSE
	EndGlobalSection
	GlobalSection(ExtensibilityGlobals) = postSolution
		SolutionGuid = {B4D9517F-70C9-490F-9D4E-AA0BC0270377}
	EndGlobalSection
EndGlobal
