
Microsoft Visual Studio Solution File, Format Version 12.00
# Visual Studio Version 16
VisualStudioVersion = 16.0.31624.102
MinimumVisualStudioVersion = 10.0.40219.1
Project("{FAE04EC0-301F-11D3-BF4B-00C04F79EFBC}") = "CustomerApi", "CustomerApi\CustomerApi.csproj", "{C7385905-E738-4EA0-A062-8DC15992AB88}"
EndProject
Global
	GlobalSection(SolutionConfigurationPlatforms) = preSolution
		Debug|Any CPU = Debug|Any CPU
		Release|Any CPU = Release|Any CPU
	EndGlobalSection
	GlobalSection(ProjectConfigurationPlatforms) = postSolution
		{C7385905-E738-4EA0-A062-8DC15992AB88}.Debug|Any CPU.ActiveCfg = Debug|Any CPU
		{C7385905-E738-4EA0-A062-8DC15992AB88}.Debug|Any CPU.Build.0 = Debug|Any CPU
		{C7385905-E738-4EA0-A062-8DC15992AB88}.Release|Any CPU.ActiveCfg = Release|Any CPU
		{C7385905-E738-4EA0-A062-8DC15992AB88}.Release|Any CPU.Build.0 = Release|Any CPU
	EndGlobalSection
	GlobalSection(SolutionProperties) = preSolution
		HideSolutionNode = FALSE
	EndGlobalSection
	GlobalSection(ExtensibilityGlobals) = postSolution
		SolutionGuid = {C4DD36BB-2794-4528-BE3D-57AC031D865C}
	EndGlobalSection
EndGlobal
